PODS:
  - SnapKit (4.2.0)
  - SPMenu (2.0.0)

DEPENDENCIES:
  - SnapKit
  - SPMenu (from `../`)

SPEC REPOS:
  trunk:
    - SnapKit

EXTERNAL SOURCES:
  SPMenu:
    :path: "../"

SPEC CHECKSUMS:
  SnapKit: fe8a619752f3f27075cc9a90244d75c6c3f27e2a
  SPMenu: fac3c7e453d81f88c724b37a74ba4533e808639a

PODFILE CHECKSUM: 6c195c6fff45632af1ab7b7615f1fe550b41c835

COCOAPODS: 1.10.1
